
Microsoft Visual Studio Solution File, Format Version 12.00
# Visual Studio Version 17
VisualStudioVersion = 17.8.34511.84
MinimumVisualStudioVersion = 10.0.40219.1
Project("{FAE04EC0-301F-11D3-BF4B-00C04F79EFBC}") = "Dice", "Dice\Dice.csproj", "{50057E43-C149-43C6-86C3-F80BB4D3A860}"
EndProject
Global
	GlobalSection(SolutionConfigurationPlatforms) = preSolution
		Debug|Any CPU = Debug|Any CPU
		Release|Any CPU = Release|Any CPU
	EndGlobalSection
	GlobalSection(ProjectConfigurationPlatforms) = postSolution
		{50057E43-C149-43C6-86C3-F80BB4D3A860}.Debug|Any CPU.ActiveCfg = Debug|Any CPU
		{50057E43-C149-43C6-86C3-F80BB4D3A860}.Debug|Any CPU.Build.0 = Debug|Any CPU
		{50057E43-C149-43C6-86C3-F80BB4D3A860}.Release|Any CPU.ActiveCfg = Release|Any CPU
		{50057E43-C149-43C6-86C3-F80BB4D3A860}.Release|Any CPU.Build.0 = Release|Any CPU
	EndGlobalSection
	GlobalSection(SolutionProperties) = preSolution
		HideSolutionNode = FALSE
	EndGlobalSection
	GlobalSection(ExtensibilityGlobals) = postSolution
		SolutionGuid = {0BD07964-BC9D-48C8-A5E9-6B99670AAD36}
	EndGlobalSection
EndGlobal
